# This file is automatically @generated by Poetry 2.1.4 and should not be changed by hand.

[[package]]
name = "structlog"
version = "25.4.0"
description = "Structured Logging for Python"
optional = false
python-versions = ">=3.8"
groups = ["main"]
files = [
    {file = "structlog-25.4.0-py3-none-any.whl", hash = "sha256:fe809ff5c27e557d14e613f45ca441aabda051d119ee5a0102aaba6ce40eed2c"},
    {file = "structlog-25.4.0.tar.gz", hash = "sha256:186cd1b0a8ae762e29417095664adf1d6a31702160a46dacb7796ea82f7409e4"},
]

[metadata]
lock-version = "2.1"
python-versions = "^3.11"
content-hash = "b746cbc1dedbb5891e543854f965446bc6f2bd974c864773650bad3e764b6a55"
